
Microsoft Visual Studio Solution File, Format Version 12.00
Project("{2150E333-8FDC-42A3-9474-1A3956D46DE8}") = "Src", "Src", "{282CD3D7-190C-4649-8C17-764B6D90B5A4}"
EndProject
Project("{2150E333-8FDC-42A3-9474-1A3956D46DE8}") = "Tests", "Tests", "{4A761D68-2E4D-4216-9720-158C19CC52C0}"
EndProject
Project("{2150E333-8FDC-42A3-9474-1A3956D46DE8}") = "SolutionItems", "SolutionItems", "{CDC229BC-221A-46D7-984B-200E4D182378}"
	ProjectSection(SolutionItems) = preProject
		.editorconfig = .editorconfig
		.gitignore = .gitignore
		Directory.Build.props = Directory.Build.props
		Directory.Packages.props = Directory.Packages.props
		docker-compose.dev.yaml = docker-compose.dev.yaml
		global.json = global.json
		README.md = README.md
	EndProjectSection
EndProject
Project("{FAE04EC0-301F-11D3-BF4B-00C04F79EFBC}") = "Domain", "Src\Domain\Domain.csproj", "{C0367F11-4492-4E02-943A-8D5FD3135C5D}"
EndProject
Project("{FAE04EC0-301F-11D3-BF4B-00C04F79EFBC}") = "Application", "Src\Application\Application.csproj", "{5F2B1B43-C8E9-49DA-8D09-1698139EB9E4}"
EndProject
Project("{FAE04EC0-301F-11D3-BF4B-00C04F79EFBC}") = "EmailSender", "Src\EmailSender\EmailSender.csproj", "{EA2A1BBA-B0E1-40E7-BAF3-65B2C2DF05F0}"
EndProject
Project("{FAE04EC0-301F-11D3-BF4B-00C04F79EFBC}") = "ArchitectureTests", "Tests\ArchitectureTests\ArchitectureTests.csproj", "{996C5ED4-A37D-4990-90B0-838CB27B457E}"
EndProject
Project("{FAE04EC0-301F-11D3-BF4B-00C04F79EFBC}") = "UnitTests", "Tests\UnitTests\UnitTests.csproj", "{EED7EF9A-D2AC-4E77-AAB2-FDA56C1C5B77}"
EndProject
Project("{FAE04EC0-301F-11D3-BF4B-00C04F79EFBC}") = "FunctionalTests", "Tests\FunctionalTests\FunctionalTests.csproj", "{BD460A6D-56A3-40A9-A0D0-498D45C7F423}"
EndProject
Project("{FAE04EC0-301F-11D3-BF4B-00C04F79EFBC}") = "IntegrationTests", "Tests\IntegrationTests\IntegrationTests.csproj", "{D015227E-5830-4996-87E5-5F762073448F}"
EndProject
Project("{FAE04EC0-301F-11D3-BF4B-00C04F79EFBC}") = "SmokeTests", "Tests\SmokeTests\SmokeTests.csproj", "{9F6D72C8-C7D6-4481-B7C3-BBC213666574}"
EndProject
Project("{FAE04EC0-301F-11D3-BF4B-00C04F79EFBC}") = "Web", "Src\Web\Web.csproj", "{02177F49-918E-4FC2-86AC-E6A59186BF92}"
EndProject
Project("{FAE04EC0-301F-11D3-BF4B-00C04F79EFBC}") = "Contracts", "Src\Contracts\Contracts.csproj", "{CA93EE68-836B-47CC-9EA0-3EF258F9D845}"
EndProject
Project("{2150E333-8FDC-42A3-9474-1A3956D46DE8}") = "Infrastructure", "Src\Infrastructure\Infrastructure.csproj", "{6539E93E-323E-41F9-95AB-FFE9DF0A1112}"
EndProject
Project("{FAE04EC0-301F-11D3-BF4B-00C04F79EFBC}") = "Infrastructure.RabbitMq", "Src\Infrastructure\Infrastructure.RabbitMq\Infrastructure.RabbitMq.csproj", "{7E175472-16EB-44B6-B576-844099647ACF}"
EndProject
Project("{FAE04EC0-301F-11D3-BF4B-00C04F79EFBC}") = "Infrastructure.Email", "Src\Infrastructure\Infrastructure.Email\Infrastructure.Email.csproj", "{3CD139A6-600E-4144-A744-87AC4E28B289}"
EndProject
Project("{FAE04EC0-301F-11D3-BF4B-00C04F79EFBC}") = "Infrastructure", "Src\Infrastructure\Infrastructure\Infrastructure.csproj", "{91307E5A-3504-49EB-8A38-4AD3EB5EAE89}"
EndProject
Global
	GlobalSection(SolutionConfigurationPlatforms) = preSolution
		Debug|Any CPU = Debug|Any CPU
		Release|Any CPU = Release|Any CPU
	EndGlobalSection
	GlobalSection(NestedProjects) = preSolution
		{C0367F11-4492-4E02-943A-8D5FD3135C5D} = {282CD3D7-190C-4649-8C17-764B6D90B5A4}
		{5F2B1B43-C8E9-49DA-8D09-1698139EB9E4} = {282CD3D7-190C-4649-8C17-764B6D90B5A4}
		{EA2A1BBA-B0E1-40E7-BAF3-65B2C2DF05F0} = {282CD3D7-190C-4649-8C17-764B6D90B5A4}
		{996C5ED4-A37D-4990-90B0-838CB27B457E} = {4A761D68-2E4D-4216-9720-158C19CC52C0}
		{EED7EF9A-D2AC-4E77-AAB2-FDA56C1C5B77} = {4A761D68-2E4D-4216-9720-158C19CC52C0}
		{BD460A6D-56A3-40A9-A0D0-498D45C7F423} = {4A761D68-2E4D-4216-9720-158C19CC52C0}
		{D015227E-5830-4996-87E5-5F762073448F} = {4A761D68-2E4D-4216-9720-158C19CC52C0}
		{9F6D72C8-C7D6-4481-B7C3-BBC213666574} = {4A761D68-2E4D-4216-9720-158C19CC52C0}
		{02177F49-918E-4FC2-86AC-E6A59186BF92} = {282CD3D7-190C-4649-8C17-764B6D90B5A4}
		{CA93EE68-836B-47CC-9EA0-3EF258F9D845} = {282CD3D7-190C-4649-8C17-764B6D90B5A4}
		{6539E93E-323E-41F9-95AB-FFE9DF0A1112} = {282CD3D7-190C-4649-8C17-764B6D90B5A4}
		{7E175472-16EB-44B6-B576-844099647ACF} = {6539E93E-323E-41F9-95AB-FFE9DF0A1112}
		{3CD139A6-600E-4144-A744-87AC4E28B289} = {6539E93E-323E-41F9-95AB-FFE9DF0A1112}
		{91307E5A-3504-49EB-8A38-4AD3EB5EAE89} = {6539E93E-323E-41F9-95AB-FFE9DF0A1112}
	EndGlobalSection
	GlobalSection(ProjectConfigurationPlatforms) = postSolution
		{C0367F11-4492-4E02-943A-8D5FD3135C5D}.Debug|Any CPU.ActiveCfg = Debug|Any CPU
		{C0367F11-4492-4E02-943A-8D5FD3135C5D}.Debug|Any CPU.Build.0 = Debug|Any CPU
		{C0367F11-4492-4E02-943A-8D5FD3135C5D}.Release|Any CPU.ActiveCfg = Release|Any CPU
		{C0367F11-4492-4E02-943A-8D5FD3135C5D}.Release|Any CPU.Build.0 = Release|Any CPU
		{5F2B1B43-C8E9-49DA-8D09-1698139EB9E4}.Debug|Any CPU.ActiveCfg = Debug|Any CPU
		{5F2B1B43-C8E9-49DA-8D09-1698139EB9E4}.Debug|Any CPU.Build.0 = Debug|Any CPU
		{5F2B1B43-C8E9-49DA-8D09-1698139EB9E4}.Release|Any CPU.ActiveCfg = Release|Any CPU
		{5F2B1B43-C8E9-49DA-8D09-1698139EB9E4}.Release|Any CPU.Build.0 = Release|Any CPU
		{EA2A1BBA-B0E1-40E7-BAF3-65B2C2DF05F0}.Debug|Any CPU.ActiveCfg = Debug|Any CPU
		{EA2A1BBA-B0E1-40E7-BAF3-65B2C2DF05F0}.Debug|Any CPU.Build.0 = Debug|Any CPU
		{EA2A1BBA-B0E1-40E7-BAF3-65B2C2DF05F0}.Release|Any CPU.ActiveCfg = Release|Any CPU
		{EA2A1BBA-B0E1-40E7-BAF3-65B2C2DF05F0}.Release|Any CPU.Build.0 = Release|Any CPU
		{996C5ED4-A37D-4990-90B0-838CB27B457E}.Debug|Any CPU.ActiveCfg = Debug|Any CPU
		{996C5ED4-A37D-4990-90B0-838CB27B457E}.Debug|Any CPU.Build.0 = Debug|Any CPU
		{996C5ED4-A37D-4990-90B0-838CB27B457E}.Release|Any CPU.ActiveCfg = Release|Any CPU
		{996C5ED4-A37D-4990-90B0-838CB27B457E}.Release|Any CPU.Build.0 = Release|Any CPU
		{EED7EF9A-D2AC-4E77-AAB2-FDA56C1C5B77}.Debug|Any CPU.ActiveCfg = Debug|Any CPU
		{EED7EF9A-D2AC-4E77-AAB2-FDA56C1C5B77}.Debug|Any CPU.Build.0 = Debug|Any CPU
		{EED7EF9A-D2AC-4E77-AAB2-FDA56C1C5B77}.Release|Any CPU.ActiveCfg = Release|Any CPU
		{EED7EF9A-D2AC-4E77-AAB2-FDA56C1C5B77}.Release|Any CPU.Build.0 = Release|Any CPU
		{BD460A6D-56A3-40A9-A0D0-498D45C7F423}.Debug|Any CPU.ActiveCfg = Debug|Any CPU
		{BD460A6D-56A3-40A9-A0D0-498D45C7F423}.Debug|Any CPU.Build.0 = Debug|Any CPU
		{BD460A6D-56A3-40A9-A0D0-498D45C7F423}.Release|Any CPU.ActiveCfg = Release|Any CPU
		{BD460A6D-56A3-40A9-A0D0-498D45C7F423}.Release|Any CPU.Build.0 = Release|Any CPU
		{D015227E-5830-4996-87E5-5F762073448F}.Debug|Any CPU.ActiveCfg = Debug|Any CPU
		{D015227E-5830-4996-87E5-5F762073448F}.Debug|Any CPU.Build.0 = Debug|Any CPU
		{D015227E-5830-4996-87E5-5F762073448F}.Release|Any CPU.ActiveCfg = Release|Any CPU
		{D015227E-5830-4996-87E5-5F762073448F}.Release|Any CPU.Build.0 = Release|Any CPU
		{9F6D72C8-C7D6-4481-B7C3-BBC213666574}.Debug|Any CPU.ActiveCfg = Debug|Any CPU
		{9F6D72C8-C7D6-4481-B7C3-BBC213666574}.Debug|Any CPU.Build.0 = Debug|Any CPU
		{9F6D72C8-C7D6-4481-B7C3-BBC213666574}.Release|Any CPU.ActiveCfg = Release|Any CPU
		{9F6D72C8-C7D6-4481-B7C3-BBC213666574}.Release|Any CPU.Build.0 = Release|Any CPU
		{02177F49-918E-4FC2-86AC-E6A59186BF92}.Debug|Any CPU.ActiveCfg = Debug|Any CPU
		{02177F49-918E-4FC2-86AC-E6A59186BF92}.Debug|Any CPU.Build.0 = Debug|Any CPU
		{02177F49-918E-4FC2-86AC-E6A59186BF92}.Release|Any CPU.ActiveCfg = Release|Any CPU
		{02177F49-918E-4FC2-86AC-E6A59186BF92}.Release|Any CPU.Build.0 = Release|Any CPU
		{CA93EE68-836B-47CC-9EA0-3EF258F9D845}.Debug|Any CPU.ActiveCfg = Debug|Any CPU
		{CA93EE68-836B-47CC-9EA0-3EF258F9D845}.Debug|Any CPU.Build.0 = Debug|Any CPU
		{CA93EE68-836B-47CC-9EA0-3EF258F9D845}.Release|Any CPU.ActiveCfg = Release|Any CPU
		{CA93EE68-836B-47CC-9EA0-3EF258F9D845}.Release|Any CPU.Build.0 = Release|Any CPU
		{7E175472-16EB-44B6-B576-844099647ACF}.Debug|Any CPU.ActiveCfg = Debug|Any CPU
		{7E175472-16EB-44B6-B576-844099647ACF}.Debug|Any CPU.Build.0 = Debug|Any CPU
		{7E175472-16EB-44B6-B576-844099647ACF}.Release|Any CPU.ActiveCfg = Release|Any CPU
		{7E175472-16EB-44B6-B576-844099647ACF}.Release|Any CPU.Build.0 = Release|Any CPU
		{3CD139A6-600E-4144-A744-87AC4E28B289}.Debug|Any CPU.ActiveCfg = Debug|Any CPU
		{3CD139A6-600E-4144-A744-87AC4E28B289}.Debug|Any CPU.Build.0 = Debug|Any CPU
		{3CD139A6-600E-4144-A744-87AC4E28B289}.Release|Any CPU.ActiveCfg = Release|Any CPU
		{3CD139A6-600E-4144-A744-87AC4E28B289}.Release|Any CPU.Build.0 = Release|Any CPU
		{91307E5A-3504-49EB-8A38-4AD3EB5EAE89}.Debug|Any CPU.ActiveCfg = Debug|Any CPU
		{91307E5A-3504-49EB-8A38-4AD3EB5EAE89}.Debug|Any CPU.Build.0 = Debug|Any CPU
		{91307E5A-3504-49EB-8A38-4AD3EB5EAE89}.Release|Any CPU.ActiveCfg = Release|Any CPU
		{91307E5A-3504-49EB-8A38-4AD3EB5EAE89}.Release|Any CPU.Build.0 = Release|Any CPU
	EndGlobalSection
EndGlobal
